
Microsoft Visual Studio Solution File, Format Version 12.00
# Visual Studio Version 17
VisualStudioVersion = 17.11.35303.130
MinimumVisualStudioVersion = 10.0.40219.1
Project("{FAE04EC0-301F-11D3-BF4B-00C04F79EFBC}") = "TicketClassLibrary", "TicketClassLibrary\TicketClassLibrary.csproj", "{5D4543C1-8A23-4A88-824D-35285F537A58}"
EndProject
Project("{FAE04EC0-301F-11D3-BF4B-00C04F79EFBC}") = "TicketClassLibrary.Tests", "TicketClassLibrary.Tests\TicketClassLibrary.Tests.csproj", "{6D80B71A-CFF2-430D-9772-1F6CADD6C7BD}"
EndProject
Project("{FAE04EC0-301F-11D3-BF4B-00C04F79EFBC}") = "StoreBaeltTicketLibrary", "StoreBaeltTicketLibrary\StoreBaeltTicketLibrary.csproj", "{F5A8B22A-D13D-4E6D-AFE6-4B34BF765A41}"
EndProject
Project("{FAE04EC0-301F-11D3-BF4B-00C04F79EFBC}") = "OresundTicketLibrary", "OresundTicketLibrary\OresundTicketLibrary.csproj", "{1531B81D-9801-4FE7-8B0B-4ADDF9E55F5D}"
EndProject
Global
	GlobalSection(SolutionConfigurationPlatforms) = preSolution
		Debug|Any CPU = Debug|Any CPU
		Release|Any CPU = Release|Any CPU
	EndGlobalSection
	GlobalSection(ProjectConfigurationPlatforms) = postSolution
		{5D4543C1-8A23-4A88-824D-35285F537A58}.Debug|Any CPU.ActiveCfg = Debug|Any CPU
		{5D4543C1-8A23-4A88-824D-35285F537A58}.Debug|Any CPU.Build.0 = Debug|Any CPU
		{5D4543C1-8A23-4A88-824D-35285F537A58}.Release|Any CPU.ActiveCfg = Release|Any CPU
		{5D4543C1-8A23-4A88-824D-35285F537A58}.Release|Any CPU.Build.0 = Release|Any CPU
		{6D80B71A-CFF2-430D-9772-1F6CADD6C7BD}.Debug|Any CPU.ActiveCfg = Debug|Any CPU
		{6D80B71A-CFF2-430D-9772-1F6CADD6C7BD}.Debug|Any CPU.Build.0 = Debug|Any CPU
		{6D80B71A-CFF2-430D-9772-1F6CADD6C7BD}.Release|Any CPU.ActiveCfg = Release|Any CPU
		{6D80B71A-CFF2-430D-9772-1F6CADD6C7BD}.Release|Any CPU.Build.0 = Release|Any CPU
		{F5A8B22A-D13D-4E6D-AFE6-4B34BF765A41}.Debug|Any CPU.ActiveCfg = Debug|Any CPU
		{F5A8B22A-D13D-4E6D-AFE6-4B34BF765A41}.Debug|Any CPU.Build.0 = Debug|Any CPU
		{F5A8B22A-D13D-4E6D-AFE6-4B34BF765A41}.Release|Any CPU.ActiveCfg = Release|Any CPU
		{F5A8B22A-D13D-4E6D-AFE6-4B34BF765A41}.Release|Any CPU.Build.0 = Release|Any CPU
		{1531B81D-9801-4FE7-8B0B-4ADDF9E55F5D}.Debug|Any CPU.ActiveCfg = Debug|Any CPU
		{1531B81D-9801-4FE7-8B0B-4ADDF9E55F5D}.Debug|Any CPU.Build.0 = Debug|Any CPU
		{1531B81D-9801-4FE7-8B0B-4ADDF9E55F5D}.Release|Any CPU.ActiveCfg = Release|Any CPU
		{1531B81D-9801-4FE7-8B0B-4ADDF9E55F5D}.Release|Any CPU.Build.0 = Release|Any CPU
	EndGlobalSection
	GlobalSection(SolutionProperties) = preSolution
		HideSolutionNode = FALSE
	EndGlobalSection
	GlobalSection(ExtensibilityGlobals) = postSolution
		SolutionGuid = {1023E039-6FCB-45B4-BE49-A17BC96CB793}
	EndGlobalSection
EndGlobal
